// !$*UTF8*$!
{
	archiveVersion = 1;
	classes = {
	};
	objectVersion = 55;
	objects = {

/* Begin PBXBuildFile section */
		2BD0DD0D284A8EE600368BCE /* MainTableViewController.swift in Sources */ = {isa = PBXBuildFile; fileRef = 2BD0DD0C284A8EE600368BCE /* MainTableViewController.swift */; };
		2BD0DD0F284AAA7D00368BCE /* CustomTableViewCell.swift in Sources */ = {isa = PBXBuildFile; fileRef = 2BD0DD0E284AAA7D00368BCE /* CustomTableViewCell.swift */; };
		2BD0DD12284AB26900368BCE /* Place.swift in Sources */ = {isa = PBXBuildFile; fileRef = 2BD0DD11284AB26900368BCE /* Place.swift */; };
		2BD0DD16284BE60E00368BCE /* NewPlaceTableViewController.swift in Sources */ = {isa = PBXBuildFile; fileRef = 2BD0DD15284BE60E00368BCE /* NewPlaceTableViewController.swift */; };
		2BD0DD38284CEDD500368BCE /* StorageManager.swift in Sources */ = {isa = PBXBuildFile; fileRef = 2BD0DD37284CEDD500368BCE /* StorageManager.swift */; };
		2BDC6E10284A8891000DBD54 /* AppDelegate.swift in Sources */ = {isa = PBXBuildFile; fileRef = 2BDC6E0F284A8891000DBD54 /* AppDelegate.swift */; };
		2BDC6E12284A8891000DBD54 /* SceneDelegate.swift in Sources */ = {isa = PBXBuildFile; fileRef = 2BDC6E11284A8891000DBD54 /* SceneDelegate.swift */; };
		2BDC6E17284A8891000DBD54 /* Main.storyboard in Resources */ = {isa = PBXBuildFile; fileRef = 2BDC6E15284A8891000DBD54 /* Main.storyboard */; };
		2BDC6E19284A8894000DBD54 /* Assets.xcassets in Resources */ = {isa = PBXBuildFile; fileRef = 2BDC6E18284A8894000DBD54 /* Assets.xcassets */; };
		2BDC6E1C284A8894000DBD54 /* LaunchScreen.storyboard in Resources */ = {isa = PBXBuildFile; fileRef = 2BDC6E1A284A8894000DBD54 /* LaunchScreen.storyboard */; };
		7ADFB0511EB608148AF34C8D /* Pods_FavoritePlacesApp.framework in Frameworks */ = {isa = PBXBuildFile; fileRef = 903F915C36D1895AF9B59C1A /* Pods_FavoritePlacesApp.framework */; };
/* End PBXBuildFile section */

/* Begin PBXFileReference section */
		2BD0DD0C284A8EE600368BCE /* MainTableViewController.swift */ = {isa = PBXFileReference; lastKnownFileType = sourcecode.swift; path = MainTableViewController.swift; sourceTree = "<group>"; };
		2BD0DD0E284AAA7D00368BCE /* CustomTableViewCell.swift */ = {isa = PBXFileReference; lastKnownFileType = sourcecode.swift; path = CustomTableViewCell.swift; sourceTree = "<group>"; };
		2BD0DD11284AB26900368BCE /* Place.swift */ = {isa = PBXFileReference; lastKnownFileType = sourcecode.swift; path = Place.swift; sourceTree = "<group>"; };
		2BD0DD15284BE60E00368BCE /* NewPlaceTableViewController.swift */ = {isa = PBXFileReference; lastKnownFileType = sourcecode.swift; path = NewPlaceTableViewController.swift; sourceTree = "<group>"; };
		2BD0DD37284CEDD500368BCE /* StorageManager.swift */ = {isa = PBXFileReference; lastKnownFileType = sourcecode.swift; path = StorageManager.swift; sourceTree = "<group>"; };
		2BDC6E0C284A8891000DBD54 /* FavoritePlacesApp.app */ = {isa = PBXFileReference; explicitFileType = wrapper.application; includeInIndex = 0; path = FavoritePlacesApp.app; sourceTree = BUILT_PRODUCTS_DIR; };
		2BDC6E0F284A8891000DBD54 /* AppDelegate.swift */ = {isa = PBXFileReference; lastKnownFileType = sourcecode.swift; path = AppDelegate.swift; sourceTree = "<group>"; };
		2BDC6E11284A8891000DBD54 /* SceneDelegate.swift */ = {isa = PBXFileReference; lastKnownFileType = sourcecode.swift; path = SceneDelegate.swift; sourceTree = "<group>"; };
		2BDC6E16284A8891000DBD54 /* Base */ = {isa = PBXFileReference; lastKnownFileType = file.storyboard; name = Base; path = Base.lproj/Main.storyboard; sourceTree = "<group>"; };
		2BDC6E18284A8894000DBD54 /* Assets.xcassets */ = {isa = PBXFileReference; lastKnownFileType = folder.assetcatalog; path = Assets.xcassets; sourceTree = "<group>"; };
		2BDC6E1B284A8894000DBD54 /* Base */ = {isa = PBXFileReference; lastKnownFileType = file.storyboard; name = Base; path = Base.lproj/LaunchScreen.storyboard; sourceTree = "<group>"; };
		2BDC6E1D284A8894000DBD54 /* Info.plist */ = {isa = PBXFileReference; lastKnownFileType = text.plist.xml; path = Info.plist; sourceTree = "<group>"; };
		903F915C36D1895AF9B59C1A /* Pods_FavoritePlacesApp.framework */ = {isa = PBXFileReference; explicitFileType = wrapper.framework; includeInIndex = 0; path = Pods_FavoritePlacesApp.framework; sourceTree = BUILT_PRODUCTS_DIR; };
		A572BCDBCB6726839C11265B /* Pods-FavoritePlacesApp.debug.xcconfig */ = {isa = PBXFileReference; includeInIndex = 1; lastKnownFileType = text.xcconfig; name = "Pods-FavoritePlacesApp.debug.xcconfig"; path = "Target Support Files/Pods-FavoritePlacesApp/Pods-FavoritePlacesApp.debug.xcconfig"; sourceTree = "<group>"; };
		BD6F52DC4B094F1D49E8374B /* Pods-FavoritePlacesApp.release.xcconfig */ = {isa = PBXFileReference; includeInIndex = 1; lastKnownFileType = text.xcconfig; name = "Pods-FavoritePlacesApp.release.xcconfig"; path = "Target Support Files/Pods-FavoritePlacesApp/Pods-FavoritePlacesApp.release.xcconfig"; sourceTree = "<group>"; };
/* End PBXFileReference section */

/* Begin PBXFrameworksBuildPhase section */
		2BDC6E09284A8891000DBD54 /* Frameworks */ = {
			isa = PBXFrameworksBuildPhase;
			buildActionMask = 2147483647;
			files = (
				7ADFB0511EB608148AF34C8D /* Pods_FavoritePlacesApp.framework in Frameworks */,
			);
			runOnlyForDeploymentPostprocessing = 0;
		};
/* End PBXFrameworksBuildPhase section */

/* Begin PBXGroup section */
		29F4B5541E7371130BEBFC12 /* Frameworks */ = {
			isa = PBXGroup;
			children = (
				903F915C36D1895AF9B59C1A /* Pods_FavoritePlacesApp.framework */,
			);
			name = Frameworks;
			sourceTree = "<group>";
		};
		2BD0DD10284AB23800368BCE /* Models */ = {
			isa = PBXGroup;
			children = (
				2BD0DD11284AB26900368BCE /* Place.swift */,
			);
			path = Models;
			sourceTree = "<group>";
		};
		2BDC6E03284A8891000DBD54 = {
			isa = PBXGroup;
			children = (
				2BDC6E0E284A8891000DBD54 /* FavoritePlacesApp */,
				2BDC6E0D284A8891000DBD54 /* Products */,
				5D3E91091AA54CF871B8DC22 /* Pods */,
				29F4B5541E7371130BEBFC12 /* Frameworks */,
			);
			sourceTree = "<group>";
		};
		2BDC6E0D284A8891000DBD54 /* Products */ = {
			isa = PBXGroup;
			children = (
				2BDC6E0C284A8891000DBD54 /* FavoritePlacesApp.app */,
			);
			name = Products;
			sourceTree = "<group>";
		};
		2BDC6E0E284A8891000DBD54 /* FavoritePlacesApp */ = {
			isa = PBXGroup;
			children = (
				2BD0DD10284AB23800368BCE /* Models */,
				2BDC6E0F284A8891000DBD54 /* AppDelegate.swift */,
				2BD0DD0C284A8EE600368BCE /* MainTableViewController.swift */,
				2BD0DD0E284AAA7D00368BCE /* CustomTableViewCell.swift */,
				2BDC6E11284A8891000DBD54 /* SceneDelegate.swift */,
				2BDC6E15284A8891000DBD54 /* Main.storyboard */,
				2BD0DD15284BE60E00368BCE /* NewPlaceTableViewController.swift */,
				2BDC6E18284A8894000DBD54 /* Assets.xcassets */,
				2BDC6E1A284A8894000DBD54 /* LaunchScreen.storyboard */,
				2BDC6E1D284A8894000DBD54 /* Info.plist */,
				2BD0DD37284CEDD500368BCE /* StorageManager.swift */,
			);
			path = FavoritePlacesApp;
			sourceTree = "<group>";
		};
		5D3E91091AA54CF871B8DC22 /* Pods */ = {
			isa = PBXGroup;
			children = (
				A572BCDBCB6726839C11265B /* Pods-FavoritePlacesApp.debug.xcconfig */,
				BD6F52DC4B094F1D49E8374B /* Pods-FavoritePlacesApp.release.xcconfig */,
			);
			path = Pods;
			sourceTree = "<group>";
		};
/* End PBXGroup section */

/* Begin PBXNativeTarget section */
		2BDC6E0B284A8891000DBD54 /* FavoritePlacesApp */ = {
			isa = PBXNativeTarget;
			buildConfigurationList = 2BDC6E20284A8894000DBD54 /* Build configuration list for PBXNativeTarget "FavoritePlacesApp" */;
			buildPhases = (
				6699215D3F642ED4E1251338 /* [CP] Check Pods Manifest.lock */,
				2BDC6E08284A8891000DBD54 /* Sources */,
				2BDC6E09284A8891000DBD54 /* Frameworks */,
				2BDC6E0A284A8891000DBD54 /* Resources */,
				8639111CC95DE825A5E6D05C /* [CP] Embed Pods Frameworks */,
			);
			buildRules = (
			);
			dependencies = (
			);
			name = FavoritePlacesApp;
			productName = FavoritePlacesApp;
			productReference = 2BDC6E0C284A8891000DBD54 /* FavoritePlacesApp.app */;
			productType = "com.apple.product-type.application";
		};
/* End PBXNativeTarget section */

/* Begin PBXProject section */
		2BDC6E04284A8891000DBD54 /* Project object */ = {
			isa = PBXProject;
			attributes = {
				BuildIndependentTargetsInParallel = 1;
				LastSwiftUpdateCheck = 1340;
				LastUpgradeCheck = 1340;
				TargetAttributes = {
					2BDC6E0B284A8891000DBD54 = {
						CreatedOnToolsVersion = 13.4;
					};
				};
			};
			buildConfigurationList = 2BDC6E07284A8891000DBD54 /* Build configuration list for PBXProject "FavoritePlacesApp" */;
			compatibilityVersion = "Xcode 13.0";
			developmentRegion = en;
			hasScannedForEncodings = 0;
			knownRegions = (
				en,
				Base,
			);
			mainGroup = 2BDC6E03284A8891000DBD54;
			productRefGroup = 2BDC6E0D284A8891000DBD54 /* Products */;
			projectDirPath = "";
			projectRoot = "";
			targets = (
				2BDC6E0B284A8891000DBD54 /* FavoritePlacesApp */,
			);
		};
/* End PBXProject section */

/* Begin PBXResourcesBuildPhase section */
		2BDC6E0A284A8891000DBD54 /* Resources */ = {
			isa = PBXResourcesBuildPhase;
			buildActionMask = 2147483647;
			files = (
				2BDC6E1C284A8894000DBD54 /* LaunchScreen.storyboard in Resources */,
				2BDC6E19284A8894000DBD54 /* Assets.xcassets in Resources */,
				2BDC6E17284A8891000DBD54 /* Main.storyboard in Resources */,
			);
			runOnlyForDeploymentPostprocessing = 0;
		};
/* End PBXResourcesBuildPhase section */

/* Begin PBXShellScriptBuildPhase section */
		6699215D3F642ED4E1251338 /* [CP] Check Pods Manifest.lock */ = {
			isa = PBXShellScriptBuildPhase;
			buildActionMask = 2147483647;
			files = (
			);
			inputFileListPaths = (
			);
			inputPaths = (
				"${PODS_PODFILE_DIR_PATH}/Podfile.lock",
				"${PODS_ROOT}/Manifest.lock",
			);
			name = "[CP] Check Pods Manifest.lock";
			outputFileListPaths = (
			);
			outputPaths = (
				"$(DERIVED_FILE_DIR)/Pods-FavoritePlacesApp-checkManifestLockResult.txt",
			);
			runOnlyForDeploymentPostprocessing = 0;
			shellPath = /bin/sh;
			shellScript = "diff \"${PODS_PODFILE_DIR_PATH}/Podfile.lock\" \"${PODS_ROOT}/Manifest.lock\" > /dev/null\nif [ $? != 0 ] ; then\n    # print error to STDERR\n    echo \"error: The sandbox is not in sync with the Podfile.lock. Run 'pod install' or update your CocoaPods installation.\" >&2\n    exit 1\nfi\n# This output is used by Xcode 'outputs' to avoid re-running this script phase.\necho \"SUCCESS\" > \"${SCRIPT_OUTPUT_FILE_0}\"\n";
			showEnvVarsInLog = 0;
		};
		8639111CC95DE825A5E6D05C /* [CP] Embed Pods Frameworks */ = {
			isa = PBXShellScriptBuildPhase;
			buildActionMask = 2147483647;
			files = (
			);
			inputFileListPaths = (
				"${PODS_ROOT}/Target Support Files/Pods-FavoritePlacesApp/Pods-FavoritePlacesApp-frameworks-${CONFIGURATION}-input-files.xcfilelist",
			);
			name = "[CP] Embed Pods Frameworks";
			outputFileListPaths = (
				"${PODS_ROOT}/Target Support Files/Pods-FavoritePlacesApp/Pods-FavoritePlacesApp-frameworks-${CONFIGURATION}-output-files.xcfilelist",
			);
			runOnlyForDeploymentPostprocessing = 0;
			shellPath = /bin/sh;
			shellScript = "\"${PODS_ROOT}/Target Support Files/Pods-FavoritePlacesApp/Pods-FavoritePlacesApp-frameworks.sh\"\n";
			showEnvVarsInLog = 0;
		};
/* End PBXShellScriptBuildPhase section */

/* Begin PBXSourcesBuildPhase section */
		2BDC6E08284A8891000DBD54 /* Sources */ = {
			isa = PBXSourcesBuildPhase;
			buildActionMask = 2147483647;
			files = (
				2BD0DD16284BE60E00368BCE /* NewPlaceTableViewController.swift in Sources */,
				2BDC6E10284A8891000DBD54 /* AppDelegate.swift in Sources */,
				2BD0DD0D284A8EE600368BCE /* MainTableViewController.swift in Sources */,
				2BD0DD38284CEDD500368BCE /* StorageManager.swift in Sources */,
				2BD0DD0F284AAA7D00368BCE /* CustomTableViewCell.swift in Sources */,
				2BDC6E12284A8891000DBD54 /* SceneDelegate.swift in Sources */,
				2BD0DD12284AB26900368BCE /* Place.swift in Sources */,
			);
			runOnlyForDeploymentPostprocessing = 0;
		};
/* End PBXSourcesBuildPhase section */

/* Begin PBXVariantGroup section */
		2BDC6E15284A8891000DBD54 /* Main.storyboard */ = {
			isa = PBXVariantGroup;
			children = (
				2BDC6E16284A8891000DBD54 /* Base */,
			);
			name = Main.storyboard;
			sourceTree = "<group>";
		};
		2BDC6E1A284A8894000DBD54 /* LaunchScreen.storyboard */ = {
			isa = PBXVariantGroup;
			children = (
				2BDC6E1B284A8894000DBD54 /* Base */,
			);
			name = LaunchScreen.storyboard;
			sourceTree = "<group>";
		};
/* End PBXVariantGroup section */

/* Begin XCBuildConfiguration section */
		2BDC6E1E284A8894000DBD54 /* Debug */ = {
			isa = XCBuildConfiguration;
			buildSettings = {
				ALWAYS_SEARCH_USER_PATHS = NO;
				CLANG_ANALYZER_NONNULL = YES;
				CLANG_ANALYZER_NUMBER_OBJECT_CONVERSION = YES_AGGRESSIVE;
				CLANG_CXX_LANGUAGE_STANDARD = "gnu++17";
				CLANG_ENABLE_MODULES = YES;
				CLANG_ENABLE_OBJC_ARC = YES;
				CLANG_ENABLE_OBJC_WEAK = YES;
				CLANG_WARN_BLOCK_CAPTURE_AUTORELEASING = YES;
				CLANG_WARN_BOOL_CONVERSION = YES;
				CLANG_WARN_COMMA = YES;
				CLANG_WARN_CONSTANT_CONVERSION = YES;
				CLANG_WARN_DEPRECATED_OBJC_IMPLEMENTATIONS = YES;
				CLANG_WARN_DIRECT_OBJC_ISA_USAGE = YES_ERROR;
				CLANG_WARN_DOCUMENTATION_COMMENTS = YES;
				CLANG_WARN_EMPTY_BODY = YES;
				CLANG_WARN_ENUM_CONVERSION = YES;
				CLANG_WARN_INFINITE_RECURSION = YES;
				CLANG_WARN_INT_CONVERSION = YES;
				CLANG_WARN_NON_LITERAL_NULL_CONVERSION = YES;
				CLANG_WARN_OBJC_IMPLICIT_RETAIN_SELF = YES;
				CLANG_WARN_OBJC_LITERAL_CONVERSION = YES;
				CLANG_WARN_OBJC_ROOT_CLASS = YES_ERROR;
				CLANG_WARN_QUOTED_INCLUDE_IN_FRAMEWORK_HEADER = YES;
				CLANG_WARN_RANGE_LOOP_ANALYSIS = YES;
				CLANG_WARN_STRICT_PROTOTYPES = YES;
				CLANG_WARN_SUSPICIOUS_MOVE = YES;
				CLANG_WARN_UNGUARDED_AVAILABILITY = YES_AGGRESSIVE;
				CLANG_WARN_UNREACHABLE_CODE = YES;
				CLANG_WARN__DUPLICATE_METHOD_MATCH = YES;
				COPY_PHASE_STRIP = NO;
				DEBUG_INFORMATION_FORMAT = dwarf;
				ENABLE_STRICT_OBJC_MSGSEND = YES;
				ENABLE_TESTABILITY = YES;
				GCC_C_LANGUAGE_STANDARD = gnu11;
				GCC_DYNAMIC_NO_PIC = NO;
				GCC_NO_COMMON_BLOCKS = YES;
				GCC_OPTIMIZATION_LEVEL = 0;
				GCC_PREPROCESSOR_DEFINITIONS = (
					"DEBUG=1",
					"$(inherited)",
				);
				GCC_WARN_64_TO_32_BIT_CONVERSION = YES;
				GCC_WARN_ABOUT_RETURN_TYPE = YES_ERROR;
				GCC_WARN_UNDECLARED_SELECTOR = YES;
				GCC_WARN_UNINITIALIZED_AUTOS = YES_AGGRESSIVE;
				GCC_WARN_UNUSED_FUNCTION = YES;
				GCC_WARN_UNUSED_VARIABLE = YES;
				IPHONEOS_DEPLOYMENT_TARGET = 15.5;
				MTL_ENABLE_DEBUG_INFO = INCLUDE_SOURCE;
				MTL_FAST_MATH = YES;
				ONLY_ACTIVE_ARCH = YES;
				SDKROOT = iphoneos;
				SWIFT_ACTIVE_COMPILATION_CONDITIONS = DEBUG;
				SWIFT_OPTIMIZATION_LEVEL = "-Onone";
			};
			name = Debug;
		};
		2BDC6E1F284A8894000DBD54 /* Release */ = {
			isa = XCBuildConfiguration;
			buildSettings = {
				ALWAYS_SEARCH_USER_PATHS = NO;
				CLANG_ANALYZER_NONNULL = YES;
				CLANG_ANALYZER_NUMBER_OBJECT_CONVERSION = YES_AGGRESSIVE;
				CLANG_CXX_LANGUAGE_STANDARD = "gnu++17";
				CLANG_ENABLE_MODULES = YES;
				CLANG_ENABLE_OBJC_ARC = YES;
				CLANG_ENABLE_OBJC_WEAK = YES;
				CLANG_WARN_BLOCK_CAPTURE_AUTORELEASING = YES;
				CLANG_WARN_BOOL_CONVERSION = YES;
				CLANG_WARN_COMMA = YES;
				CLANG_WARN_CONSTANT_CONVERSION = YES;
				CLANG_WARN_DEPRECATED_OBJC_IMPLEMENTATIONS = YES;
				CLANG_WARN_DIRECT_OBJC_ISA_USAGE = YES_ERROR;
				CLANG_WARN_DOCUMENTATION_COMMENTS = YES;
				CLANG_WARN_EMPTY_BODY = YES;
				CLANG_WARN_ENUM_CONVERSION = YES;
				CLANG_WARN_INFINITE_RECURSION = YES;
				CLANG_WARN_INT_CONVERSION = YES;
				CLANG_WARN_NON_LITERAL_NULL_CONVERSION = YES;
				CLANG_WARN_OBJC_IMPLICIT_RETAIN_SELF = YES;
				CLANG_WARN_OBJC_LITERAL_CONVERSION = YES;
				CLANG_WARN_OBJC_ROOT_CLASS = YES_ERROR;
				CLANG_WARN_QUOTED_INCLUDE_IN_FRAMEWORK_HEADER = YES;
				CLANG_WARN_RANGE_LOOP_ANALYSIS = YES;
				CLANG_WARN_STRICT_PROTOTYPES = YES;
				CLANG_WARN_SUSPICIOUS_MOVE = YES;
				CLANG_WARN_UNGUARDED_AVAILABILITY = YES_AGGRESSIVE;
				CLANG_WARN_UNREACHABLE_CODE = YES;
				CLANG_WARN__DUPLICATE_METHOD_MATCH = YES;
				COPY_PHASE_STRIP = NO;
				DEBUG_INFORMATION_FORMAT = "dwarf-with-dsym";
				ENABLE_NS_ASSERTIONS = NO;
				ENABLE_STRICT_OBJC_MSGSEND = YES;
				GCC_C_LANGUAGE_STANDARD = gnu11;
				GCC_NO_COMMON_BLOCKS = YES;
				GCC_WARN_64_TO_32_BIT_CONVERSION = YES;
				GCC_WARN_ABOUT_RETURN_TYPE = YES_ERROR;
				GCC_WARN_UNDECLARED_SELECTOR = YES;
				GCC_WARN_UNINITIALIZED_AUTOS = YES_AGGRESSIVE;
				GCC_WARN_UNUSED_FUNCTION = YES;
				GCC_WARN_UNUSED_VARIABLE = YES;
				IPHONEOS_DEPLOYMENT_TARGET = 15.5;
				MTL_ENABLE_DEBUG_INFO = NO;
				MTL_FAST_MATH = YES;
				SDKROOT = iphoneos;
				SWIFT_COMPILATION_MODE = wholemodule;
				SWIFT_OPTIMIZATION_LEVEL = "-O";
				VALIDATE_PRODUCT = YES;
			};
			name = Release;
		};
		2BDC6E21284A8894000DBD54 /* Debug */ = {
			isa = XCBuildConfiguration;
			baseConfigurationReference = A572BCDBCB6726839C11265B /* Pods-FavoritePlacesApp.debug.xcconfig */;
			buildSettings = {
				ASSETCATALOG_COMPILER_APPICON_NAME = AppIcon;
				ASSETCATALOG_COMPILER_GLOBAL_ACCENT_COLOR_NAME = AccentColor;
				CODE_SIGN_STYLE = Automatic;
				CURRENT_PROJECT_VERSION = 1;
				DEVELOPMENT_TEAM = RB3BCBLCA6;
				GENERATE_INFOPLIST_FILE = YES;
				INFOPLIST_FILE = FavoritePlacesApp/Info.plist;
				INFOPLIST_KEY_UIApplicationSupportsIndirectInputEvents = YES;
				INFOPLIST_KEY_UILaunchStoryboardName = LaunchScreen;
				INFOPLIST_KEY_UIMainStoryboardFile = Main;
				INFOPLIST_KEY_UISupportedInterfaceOrientations_iPad = "UIInterfaceOrientationPortrait UIInterfaceOrientationPortraitUpsideDown UIInterfaceOrientationLandscapeLeft UIInterfaceOrientationLandscapeRight";
				INFOPLIST_KEY_UISupportedInterfaceOrientations_iPhone = "UIInterfaceOrientationPortrait UIInterfaceOrientationLandscapeLeft UIInterfaceOrientationLandscapeRight";
				LD_RUNPATH_SEARCH_PATHS = (
					"$(inherited)",
					"@executable_path/Frameworks",
				);
				MARKETING_VERSION = 1.0;
				PRODUCT_BUNDLE_IDENTIFIER = com.thefiltitoff.FavoritePlacesApp;
				PRODUCT_NAME = "$(TARGET_NAME)";
				SWIFT_EMIT_LOC_STRINGS = YES;
				SWIFT_VERSION = 5.0;
				TARGETED_DEVICE_FAMILY = "1,2";
			};
			name = Debug;
		};
		2BDC6E22284A8894000DBD54 /* Release */ = {
			isa = XCBuildConfiguration;
			baseConfigurationReference = BD6F52DC4B094F1D49E8374B /* Pods-FavoritePlacesApp.release.xcconfig */;
			buildSettings = {
				ASSETCATALOG_COMPILER_APPICON_NAME = AppIcon;
				ASSETCATALOG_COMPILER_GLOBAL_ACCENT_COLOR_NAME = AccentColor;
				CODE_SIGN_STYLE = Automatic;
				CURRENT_PROJECT_VERSION = 1;
				DEVELOPMENT_TEAM = RB3BCBLCA6;
				GENERATE_INFOPLIST_FILE = YES;
				INFOPLIST_FILE = FavoritePlacesApp/Info.plist;
				INFOPLIST_KEY_UIApplicationSupportsIndirectInputEvents = YES;
				INFOPLIST_KEY_UILaunchStoryboardName = LaunchScreen;
				INFOPLIST_KEY_UIMainStoryboardFile = Main;
				INFOPLIST_KEY_UISupportedInterfaceOrientations_iPad = "UIInterfaceOrientationPortrait UIInterfaceOrientationPortraitUpsideDown UIInterfaceOrientationLandscapeLeft UIInterfaceOrientationLandscapeRight";
				INFOPLIST_KEY_UISupportedInterfaceOrientations_iPhone = "UIInterfaceOrientationPortrait UIInterfaceOrientationLandscapeLeft UIInterfaceOrientationLandscapeRight";
				LD_RUNPATH_SEARCH_PATHS = (
					"$(inherited)",
					"@executable_path/Frameworks",
				);
				MARKETING_VERSION = 1.0;
				PRODUCT_BUNDLE_IDENTIFIER = com.thefiltitoff.FavoritePlacesApp;
				PRODUCT_NAME = "$(TARGET_NAME)";
				SWIFT_EMIT_LOC_STRINGS = YES;
				SWIFT_VERSION = 5.0;
				TARGETED_DEVICE_FAMILY = "1,2";
			};
			name = Release;
		};
/* End XCBuildConfiguration section */

/* Begin XCConfigurationList section */
		2BDC6E07284A8891000DBD54 /* Build configuration list for PBXProject "FavoritePlacesApp" */ = {
			isa = XCConfigurationList;
			buildConfigurations = (
				2BDC6E1E284A8894000DBD54 /* Debug */,
				2BDC6E1F284A8894000DBD54 /* Release */,
			);
			defaultConfigurationIsVisible = 0;
			defaultConfigurationName = Release;
		};
		2BDC6E20284A8894000DBD54 /* Build configuration list for PBXNativeTarget "FavoritePlacesApp" */ = {
			isa = XCConfigurationList;
			buildConfigurations = (
				2BDC6E21284A8894000DBD54 /* Debug */,
				2BDC6E22284A8894000DBD54 /* Release */,
			);
			defaultConfigurationIsVisible = 0;
			defaultConfigurationName = Release;
		};
/* End XCConfigurationList section */
	};
	rootObject = 2BDC6E04284A8891000DBD54 /* Project object */;
}
